
Microsoft Visual Studio Solution File, Format Version 12.00
# Visual Studio Version 17
VisualStudioVersion = 17.11.35222.181
MinimumVisualStudioVersion = 10.0.40219.1
Project("{FAE04EC0-301F-11D3-BF4B-00C04F79EFBC}") = "PracticeMVVM", "PracticeMVVM\PracticeMVVM.csproj", "{CAB54DBC-B2E7-461E-A90C-A62860B7ECC9}"
EndProject
Global
	GlobalSection(SolutionConfigurationPlatforms) = preSolution
		Debug|Any CPU = Debug|Any CPU
		Release|Any CPU = Release|Any CPU
	EndGlobalSection
	GlobalSection(ProjectConfigurationPlatforms) = postSolution
		{CAB54DBC-B2E7-461E-A90C-A62860B7ECC9}.Debug|Any CPU.ActiveCfg = Debug|Any CPU
		{CAB54DBC-B2E7-461E-A90C-A62860B7ECC9}.Debug|Any CPU.Build.0 = Debug|Any CPU
		{CAB54DBC-B2E7-461E-A90C-A62860B7ECC9}.Release|Any CPU.ActiveCfg = Release|Any CPU
		{CAB54DBC-B2E7-461E-A90C-A62860B7ECC9}.Release|Any CPU.Build.0 = Release|Any CPU
	EndGlobalSection
	GlobalSection(SolutionProperties) = preSolution
		HideSolutionNode = FALSE
	EndGlobalSection
	GlobalSection(ExtensibilityGlobals) = postSolution
		SolutionGuid = {E2F5C6F5-2023-4EE7-8C34-CB9F06680FAA}
	EndGlobalSection
EndGlobal
